
Microsoft Visual Studio Solution File, Format Version 12.00
# Visual Studio 2013
VisualStudioVersion = 12.0.40629.0
MinimumVisualStudioVersion = 10.0.40219.1
Project("{FAE04EC0-301F-11D3-BF4B-00C04F79EFBC}") = "chess", "chess\chess.csproj", "{C645D547-72C9-4BBC-84C6-209E35EC56D1}"
EndProject
Global
	GlobalSection(SolutionConfigurationPlatforms) = preSolution
		Debug|Any CPU = Debug|Any CPU
		Release|Any CPU = Release|Any CPU
	EndGlobalSection
	GlobalSection(ProjectConfigurationPlatforms) = postSolution
		{C645D547-72C9-4BBC-84C6-209E35EC56D1}.Debug|Any CPU.ActiveCfg = Debug|Any CPU
		{C645D547-72C9-4BBC-84C6-209E35EC56D1}.Debug|Any CPU.Build.0 = Debug|Any CPU
		{C645D547-72C9-4BBC-84C6-209E35EC56D1}.Release|Any CPU.ActiveCfg = Release|Any CPU
		{C645D547-72C9-4BBC-84C6-209E35EC56D1}.Release|Any CPU.Build.0 = Release|Any CPU
	EndGlobalSection
	GlobalSection(SolutionProperties) = preSolution
		HideSolutionNode = FALSE
	EndGlobalSection
EndGlobal
